{
  "name": "mywebsite",
  "version": "1.0.0",
  "lockfileVersion": 2,
  "requires": true,
  "packages": {
    "": {
      "name": "mywebsite",
      "version": "1.0.0",
      "license": "ISC",
      "dependencies": {
        "materialize-css": "^1.0.0-rc.2",
        "typed.js": "^2.0.16"
      }
    },
    "node_modules/materialize-css": {
      "version": "1.0.0-rc.2",
      "resolved": "https://registry.npmjs.org/materialize-css/-/materialize-css-1.0.0-rc.2.tgz",
      "integrity": "sha512-FuQmSyq4Qv0ov7A2qXw0E6/jbQzSWx2P1pg2/XQDYTkkSc/GyiFAxu3fw9zgShwuTvyumEiw5jkxQWT9siqMBQ=="
    },
    "node_modules/typed.js": {
      "version": "2.0.16",
      "resolved": "https://registry.npmjs.org/typed.js/-/typed.js-2.0.16.tgz",
      "integrity": "sha512-IBB52GlJiTUOnomwdVVf7lWgC6gScn8md+26zTHj5oJWA+4pSuclHE76rbGI2hnyO+NT+QXdIUHbfjAY5nEtcw=="
    }
  },
  "dependencies": {
    "materialize-css": {
      "version": "1.0.0-rc.2",
      "resolved": "https://registry.npmjs.org/materialize-css/-/materialize-css-1.0.0-rc.2.tgz",
      "integrity": "sha512-FuQmSyq4Qv0ov7A2qXw0E6/jbQzSWx2P1pg2/XQDYTkkSc/GyiFAxu3fw9zgShwuTvyumEiw5jkxQWT9siqMBQ=="
    },
    "typed.js": {
      "version": "2.0.16",
      "resolved": "https://registry.npmjs.org/typed.js/-/typed.js-2.0.16.tgz",
      "integrity": "sha512-IBB52GlJiTUOnomwdVVf7lWgC6gScn8md+26zTHj5oJWA+4pSuclHE76rbGI2hnyO+NT+QXdIUHbfjAY5nEtcw=="
    }
  }
}
